
Microsoft Visual Studio Solution File, Format Version 12.00
# Visual Studio Version 17
VisualStudioVersion = 17.14.36408.4 d17.14
MinimumVisualStudioVersion = 10.0.40219.1
Project("{FAE04EC0-301F-11D3-BF4B-00C04F79EFBC}") = "Basics2", "Basics2.csproj", "{F0F4DA07-F35B-4B7E-A459-0547BFDB1414}"
EndProject
Global
	GlobalSection(SolutionConfigurationPlatforms) = preSolution
		Debug|Any CPU = Debug|Any CPU
		Release|Any CPU = Release|Any CPU
	EndGlobalSection
	GlobalSection(ProjectConfigurationPlatforms) = postSolution
		{F0F4DA07-F35B-4B7E-A459-0547BFDB1414}.Debug|Any CPU.ActiveCfg = Debug|Any CPU
		{F0F4DA07-F35B-4B7E-A459-0547BFDB1414}.Debug|Any CPU.Build.0 = Debug|Any CPU
		{F0F4DA07-F35B-4B7E-A459-0547BFDB1414}.Release|Any CPU.ActiveCfg = Release|Any CPU
		{F0F4DA07-F35B-4B7E-A459-0547BFDB1414}.Release|Any CPU.Build.0 = Release|Any CPU
	EndGlobalSection
	GlobalSection(SolutionProperties) = preSolution
		HideSolutionNode = FALSE
	EndGlobalSection
	GlobalSection(ExtensibilityGlobals) = postSolution
		SolutionGuid = {86FBF369-F991-45F6-8868-A98E4F7E943D}
	EndGlobalSection
EndGlobal
