
Microsoft Visual Studio Solution File, Format Version 12.00
# Visual Studio Version 17
VisualStudioVersion = 17.14.36301.6 d17.14
MinimumVisualStudioVersion = 10.0.40219.1
Project("{FAE04EC0-301F-11D3-BF4B-00C04F79EFBC}") = "MethodParameters", "MethodParameters.csproj", "{6B2D6CC5-072D-467B-8D81-8C21130458CD}"
EndProject
Global
	GlobalSection(SolutionConfigurationPlatforms) = preSolution
		Debug|Any CPU = Debug|Any CPU
		Release|Any CPU = Release|Any CPU
	EndGlobalSection
	GlobalSection(ProjectConfigurationPlatforms) = postSolution
		{6B2D6CC5-072D-467B-8D81-8C21130458CD}.Debug|Any CPU.ActiveCfg = Debug|Any CPU
		{6B2D6CC5-072D-467B-8D81-8C21130458CD}.Debug|Any CPU.Build.0 = Debug|Any CPU
		{6B2D6CC5-072D-467B-8D81-8C21130458CD}.Release|Any CPU.ActiveCfg = Release|Any CPU
		{6B2D6CC5-072D-467B-8D81-8C21130458CD}.Release|Any CPU.Build.0 = Release|Any CPU
	EndGlobalSection
	GlobalSection(SolutionProperties) = preSolution
		HideSolutionNode = FALSE
	EndGlobalSection
	GlobalSection(ExtensibilityGlobals) = postSolution
		SolutionGuid = {9682F211-BC53-4549-8E8B-0F4D5E22C7F5}
	EndGlobalSection
EndGlobal
