
Microsoft Visual Studio Solution File, Format Version 12.00
# Visual Studio Version 17
VisualStudioVersion = 17.14.36408.4 d17.14
MinimumVisualStudioVersion = 10.0.40219.1
Project("{FAE04EC0-301F-11D3-BF4B-00C04F79EFBC}") = "Shopzy", "Shopzy.csproj", "{2E726EF4-E566-4BCE-8A95-EF6D99D77C04}"
EndProject
Global
	GlobalSection(SolutionConfigurationPlatforms) = preSolution
		Debug|Any CPU = Debug|Any CPU
		Release|Any CPU = Release|Any CPU
	EndGlobalSection
	GlobalSection(ProjectConfigurationPlatforms) = postSolution
		{2E726EF4-E566-4BCE-8A95-EF6D99D77C04}.Debug|Any CPU.ActiveCfg = Debug|Any CPU
		{2E726EF4-E566-4BCE-8A95-EF6D99D77C04}.Debug|Any CPU.Build.0 = Debug|Any CPU
		{2E726EF4-E566-4BCE-8A95-EF6D99D77C04}.Release|Any CPU.ActiveCfg = Release|Any CPU
		{2E726EF4-E566-4BCE-8A95-EF6D99D77C04}.Release|Any CPU.Build.0 = Release|Any CPU
	EndGlobalSection
	GlobalSection(SolutionProperties) = preSolution
		HideSolutionNode = FALSE
	EndGlobalSection
	GlobalSection(ExtensibilityGlobals) = postSolution
		SolutionGuid = {E539F634-55EB-49DB-B38C-89D7F9799420}
	EndGlobalSection
EndGlobal
