
Microsoft Visual Studio Solution File, Format Version 12.00
# Visual Studio Version 17
VisualStudioVersion = 17.14.36301.6 d17.14
MinimumVisualStudioVersion = 10.0.40219.1
Project("{FAE04EC0-301F-11D3-BF4B-00C04F79EFBC}") = "Property", "Property.csproj", "{BA8A64E8-252B-4878-A946-AAEFBF43556C}"
EndProject
Global
	GlobalSection(SolutionConfigurationPlatforms) = preSolution
		Debug|Any CPU = Debug|Any CPU
		Release|Any CPU = Release|Any CPU
	EndGlobalSection
	GlobalSection(ProjectConfigurationPlatforms) = postSolution
		{BA8A64E8-252B-4878-A946-AAEFBF43556C}.Debug|Any CPU.ActiveCfg = Debug|Any CPU
		{BA8A64E8-252B-4878-A946-AAEFBF43556C}.Debug|Any CPU.Build.0 = Debug|Any CPU
		{BA8A64E8-252B-4878-A946-AAEFBF43556C}.Release|Any CPU.ActiveCfg = Release|Any CPU
		{BA8A64E8-252B-4878-A946-AAEFBF43556C}.Release|Any CPU.Build.0 = Release|Any CPU
	EndGlobalSection
	GlobalSection(SolutionProperties) = preSolution
		HideSolutionNode = FALSE
	EndGlobalSection
	GlobalSection(ExtensibilityGlobals) = postSolution
		SolutionGuid = {3C520FB3-D368-488A-9CD6-B38C14B0668D}
	EndGlobalSection
EndGlobal
