
Microsoft Visual Studio Solution File, Format Version 12.00
# Visual Studio Version 17
VisualStudioVersion = 17.14.36202.13 d17.14
MinimumVisualStudioVersion = 10.0.40219.1
Project("{FAE04EC0-301F-11D3-BF4B-00C04F79EFBC}") = "GenerateAllnumbtvalues", "GenerateAllnumbtvalues.csproj", "{262827BA-A105-4320-B300-DD433F4B0CEC}"
EndProject
Global
	GlobalSection(SolutionConfigurationPlatforms) = preSolution
		Debug|Any CPU = Debug|Any CPU
		Release|Any CPU = Release|Any CPU
	EndGlobalSection
	GlobalSection(ProjectConfigurationPlatforms) = postSolution
		{262827BA-A105-4320-B300-DD433F4B0CEC}.Debug|Any CPU.ActiveCfg = Debug|Any CPU
		{262827BA-A105-4320-B300-DD433F4B0CEC}.Debug|Any CPU.Build.0 = Debug|Any CPU
		{262827BA-A105-4320-B300-DD433F4B0CEC}.Release|Any CPU.ActiveCfg = Release|Any CPU
		{262827BA-A105-4320-B300-DD433F4B0CEC}.Release|Any CPU.Build.0 = Release|Any CPU
	EndGlobalSection
	GlobalSection(SolutionProperties) = preSolution
		HideSolutionNode = FALSE
	EndGlobalSection
	GlobalSection(ExtensibilityGlobals) = postSolution
		SolutionGuid = {FD84FB4B-507A-498F-B1A8-7941A60A6D0E}
	EndGlobalSection
EndGlobal
