
Microsoft Visual Studio Solution File, Format Version 12.00
# Visual Studio Version 17
VisualStudioVersion = 17.14.36603.0 d17.14
MinimumVisualStudioVersion = 10.0.40219.1
Project("{FAE04EC0-301F-11D3-BF4B-00C04F79EFBC}") = "LinearSearchArray", "LinearSearchArray.csproj", "{2B60D85C-6D9C-48B0-ACD1-05B46FE2AB7E}"
EndProject
Global
	GlobalSection(SolutionConfigurationPlatforms) = preSolution
		Debug|Any CPU = Debug|Any CPU
		Release|Any CPU = Release|Any CPU
	EndGlobalSection
	GlobalSection(ProjectConfigurationPlatforms) = postSolution
		{2B60D85C-6D9C-48B0-ACD1-05B46FE2AB7E}.Debug|Any CPU.ActiveCfg = Debug|Any CPU
		{2B60D85C-6D9C-48B0-ACD1-05B46FE2AB7E}.Debug|Any CPU.Build.0 = Debug|Any CPU
		{2B60D85C-6D9C-48B0-ACD1-05B46FE2AB7E}.Release|Any CPU.ActiveCfg = Release|Any CPU
		{2B60D85C-6D9C-48B0-ACD1-05B46FE2AB7E}.Release|Any CPU.Build.0 = Release|Any CPU
	EndGlobalSection
	GlobalSection(SolutionProperties) = preSolution
		HideSolutionNode = FALSE
	EndGlobalSection
	GlobalSection(ExtensibilityGlobals) = postSolution
		SolutionGuid = {C78A7CE5-D0FE-487A-9D8F-7319C728E26D}
	EndGlobalSection
EndGlobal
