
Microsoft Visual Studio Solution File, Format Version 12.00
# Visual Studio Version 17
VisualStudioVersion = 17.14.36301.6 d17.14
MinimumVisualStudioVersion = 10.0.40219.1
Project("{FAE04EC0-301F-11D3-BF4B-00C04F79EFBC}") = "StaticAndPrivateConstructor", "StaticAndPrivateConstructor.csproj", "{58870A7D-5674-4C83-8699-D91F61E3E9F4}"
EndProject
Global
	GlobalSection(SolutionConfigurationPlatforms) = preSolution
		Debug|Any CPU = Debug|Any CPU
		Release|Any CPU = Release|Any CPU
	EndGlobalSection
	GlobalSection(ProjectConfigurationPlatforms) = postSolution
		{58870A7D-5674-4C83-8699-D91F61E3E9F4}.Debug|Any CPU.ActiveCfg = Debug|Any CPU
		{58870A7D-5674-4C83-8699-D91F61E3E9F4}.Debug|Any CPU.Build.0 = Debug|Any CPU
		{58870A7D-5674-4C83-8699-D91F61E3E9F4}.Release|Any CPU.ActiveCfg = Release|Any CPU
		{58870A7D-5674-4C83-8699-D91F61E3E9F4}.Release|Any CPU.Build.0 = Release|Any CPU
	EndGlobalSection
	GlobalSection(SolutionProperties) = preSolution
		HideSolutionNode = FALSE
	EndGlobalSection
	GlobalSection(ExtensibilityGlobals) = postSolution
		SolutionGuid = {FB7A984C-CD18-4DF7-AAA4-5ED0FA9EE0E3}
	EndGlobalSection
EndGlobal
