
Microsoft Visual Studio Solution File, Format Version 12.00
# Visual Studio Version 17
VisualStudioVersion = 17.14.36301.6 d17.14
MinimumVisualStudioVersion = 10.0.40219.1
Project("{FAE04EC0-301F-11D3-BF4B-00C04F79EFBC}") = "TypesOfProperty", "TypesOfProperty.csproj", "{4C9EBF47-1D0A-4315-B66E-89B9F30EEC6C}"
EndProject
Global
	GlobalSection(SolutionConfigurationPlatforms) = preSolution
		Debug|Any CPU = Debug|Any CPU
		Release|Any CPU = Release|Any CPU
	EndGlobalSection
	GlobalSection(ProjectConfigurationPlatforms) = postSolution
		{4C9EBF47-1D0A-4315-B66E-89B9F30EEC6C}.Debug|Any CPU.ActiveCfg = Debug|Any CPU
		{4C9EBF47-1D0A-4315-B66E-89B9F30EEC6C}.Debug|Any CPU.Build.0 = Debug|Any CPU
		{4C9EBF47-1D0A-4315-B66E-89B9F30EEC6C}.Release|Any CPU.ActiveCfg = Release|Any CPU
		{4C9EBF47-1D0A-4315-B66E-89B9F30EEC6C}.Release|Any CPU.Build.0 = Release|Any CPU
	EndGlobalSection
	GlobalSection(SolutionProperties) = preSolution
		HideSolutionNode = FALSE
	EndGlobalSection
	GlobalSection(ExtensibilityGlobals) = postSolution
		SolutionGuid = {A0635AB5-5CDB-4743-9A95-07D77E759616}
	EndGlobalSection
EndGlobal
