
Microsoft Visual Studio Solution File, Format Version 12.00
# Visual Studio Version 17
VisualStudioVersion = 17.14.36408.4 d17.14
MinimumVisualStudioVersion = 10.0.40219.1
Project("{FAE04EC0-301F-11D3-BF4B-00C04F79EFBC}") = "AzureCosmosDB_Project", "AzureCosmosDB_Project.csproj", "{B6824CF0-BB1A-425D-A84F-7CFAB94989DA}"
EndProject
Global
	GlobalSection(SolutionConfigurationPlatforms) = preSolution
		Debug|Any CPU = Debug|Any CPU
		Release|Any CPU = Release|Any CPU
	EndGlobalSection
	GlobalSection(ProjectConfigurationPlatforms) = postSolution
		{B6824CF0-BB1A-425D-A84F-7CFAB94989DA}.Debug|Any CPU.ActiveCfg = Debug|Any CPU
		{B6824CF0-BB1A-425D-A84F-7CFAB94989DA}.Debug|Any CPU.Build.0 = Debug|Any CPU
		{B6824CF0-BB1A-425D-A84F-7CFAB94989DA}.Release|Any CPU.ActiveCfg = Release|Any CPU
		{B6824CF0-BB1A-425D-A84F-7CFAB94989DA}.Release|Any CPU.Build.0 = Release|Any CPU
	EndGlobalSection
	GlobalSection(SolutionProperties) = preSolution
		HideSolutionNode = FALSE
	EndGlobalSection
	GlobalSection(ExtensibilityGlobals) = postSolution
		SolutionGuid = {03447D1C-11D4-4453-9DB9-42DE9FE82696}
	EndGlobalSection
EndGlobal
